// !$*UTF8*$!
{
	archiveVersion = 1;
	classes = {
	};
	objectVersion = 50;
	objects = {

/* Begin PBXBuildFile section */
		BAEA2FA92662EC2B00A7AA13 /* AppDelegate.swift in Sources */ = {isa = PBXBuildFile; fileRef = BAEA2FA82662EC2B00A7AA13 /* AppDelegate.swift */; };
		BAEA2FAC2662EC2B00A7AA13 /* Main.storyboard in Resources */ = {isa = PBXBuildFile; fileRef = BAEA2FAA2662EC2B00A7AA13 /* Main.storyboard */; };
		BAEA2FAE2662EC2B00A7AA13 /* ViewController.swift in Sources */ = {isa = PBXBuildFile; fileRef = BAEA2FAD2662EC2B00A7AA13 /* ViewController.swift */; };
		BAEA2FB02662EC2D00A7AA13 /* Assets.xcassets in Resources */ = {isa = PBXBuildFile; fileRef = BAEA2FAF2662EC2D00A7AA13 /* Assets.xcassets */; };
		BAEA2FBB2662EC2D00A7AA13 /* GitMutualTests.swift in Sources */ = {isa = PBXBuildFile; fileRef = BAEA2FBA2662EC2D00A7AA13 /* GitMutualTests.swift */; };
		BAEA2FC62662EC2D00A7AA13 /* GitMutualUITests.swift in Sources */ = {isa = PBXBuildFile; fileRef = BAEA2FC52662EC2D00A7AA13 /* GitMutualUITests.swift */; };
		BAEA2FCD2662EC2D00A7AA13 /* GitMutual Extension.appex in Embed App Extensions */ = {isa = PBXBuildFile; fileRef = BAEA2FCC2662EC2D00A7AA13 /* GitMutual Extension.appex */; settings = {ATTRIBUTES = (RemoveHeadersOnCopy, ); }; };
		BAEA2FD22662EC2D00A7AA13 /* Cocoa.framework in Frameworks */ = {isa = PBXBuildFile; fileRef = BAEA2FD12662EC2D00A7AA13 /* Cocoa.framework */; };
		BAEA2FD52662EC2D00A7AA13 /* SafariWebExtensionHandler.swift in Sources */ = {isa = PBXBuildFile; fileRef = BAEA2FD42662EC2D00A7AA13 /* SafariWebExtensionHandler.swift */; };
		BAFF6BDF2662F37E0020E684 /* unfollowers.html in Resources */ = {isa = PBXBuildFile; fileRef = BAFF6BB82662F37E0020E684 /* unfollowers.html */; };
		BAFF6BE12662F37E0020E684 /* popup.js in Resources */ = {isa = PBXBuildFile; fileRef = BAFF6BBA2662F37E0020E684 /* popup.js */; };
		BAFF6BE32662F37E0020E684 /* unfollowers.js in Resources */ = {isa = PBXBuildFile; fileRef = BAFF6BBD2662F37E0020E684 /* unfollowers.js */; };
		BAFF6BE42662F37E0020E684 /* background.js in Resources */ = {isa = PBXBuildFile; fileRef = BAFF6BBE2662F37E0020E684 /* background.js */; };
		BAFF6BEF2662F37E0020E684 /* popup.html in Resources */ = {isa = PBXBuildFile; fileRef = BAFF6BCB2662F37E0020E684 /* popup.html */; };
		BAFF6BF02662F37E0020E684 /* options.js in Resources */ = {isa = PBXBuildFile; fileRef = BAFF6BCC2662F37E0020E684 /* options.js */; };
		BAFF6BF32662F37E0020E684 /* manifest.json in Resources */ = {isa = PBXBuildFile; fileRef = BAFF6BCF2662F37E0020E684 /* manifest.json */; };
		BAFF6BF62662F37E0020E684 /* options.html in Resources */ = {isa = PBXBuildFile; fileRef = BAFF6BD42662F37E0020E684 /* options.html */; };
		BAFF6BF72662F37E0020E684 /* background.html in Resources */ = {isa = PBXBuildFile; fileRef = BAFF6BD52662F37E0020E684 /* background.html */; };
		BAFF6BF82662F37E0020E684 /* popup.css in Resources */ = {isa = PBXBuildFile; fileRef = BAFF6BD62662F37E0020E684 /* popup.css */; };
		BAFF6BFA2662F37E0020E684 /* content.js in Resources */ = {isa = PBXBuildFile; fileRef = BAFF6BDA2662F37E0020E684 /* content.js */; };
		BAFF6BFB2662F37E0020E684 /* unfollowers.css in Resources */ = {isa = PBXBuildFile; fileRef = BAFF6BDB2662F37E0020E684 /* unfollowers.css */; };
		BAFF6BFC2662F37E0020E684 /* options.css in Resources */ = {isa = PBXBuildFile; fileRef = BAFF6BDC2662F37E0020E684 /* options.css */; };
		BAFF6C5D2662F4FB0020E684 /* images in Resources */ = {isa = PBXBuildFile; fileRef = BAFF6C5A2662F4FB0020E684 /* images */; };
		BAFF6C5E2662F4FB0020E684 /* _locales in Resources */ = {isa = PBXBuildFile; fileRef = BAFF6C5B2662F4FB0020E684 /* _locales */; };
		BAFF6C5F2662F4FB0020E684 /* polyfills in Resources */ = {isa = PBXBuildFile; fileRef = BAFF6C5C2662F4FB0020E684 /* polyfills */; };
		BAFF6C662662F62B0020E684 /* es-keys.js in Resources */ = {isa = PBXBuildFile; fileRef = BAFF6C602662F62B0020E684 /* es-keys.js */; };
		BAFF6C682662F62B0020E684 /* es-use-token-data.js in Resources */ = {isa = PBXBuildFile; fileRef = BAFF6C622662F62B0020E684 /* es-use-token-data.js */; };
		BAFF6C692662F62B0020E684 /* es-_commonjsHelpers.js in Resources */ = {isa = PBXBuildFile; fileRef = BAFF6C632662F62B0020E684 /* es-_commonjsHelpers.js */; };
		BAFF6C6A2662F62B0020E684 /* es-use-unfollowers.js in Resources */ = {isa = PBXBuildFile; fileRef = BAFF6C642662F62B0020E684 /* es-use-unfollowers.js */; };
		BAFF6C6B2662F62B0020E684 /* es-index.js in Resources */ = {isa = PBXBuildFile; fileRef = BAFF6C652662F62B0020E684 /* es-index.js */; };
		BAFF6C6D2662FAB40020E684 /* es-index2.js in Resources */ = {isa = PBXBuildFile; fileRef = BAFF6C6C2662FAB40020E684 /* es-index2.js */; };
/* End PBXBuildFile section */

/* Begin PBXContainerItemProxy section */
		BAEA2FB72662EC2D00A7AA13 /* PBXContainerItemProxy */ = {
			isa = PBXContainerItemProxy;
			containerPortal = BAEA2F9C2662EC2B00A7AA13 /* Project object */;
			proxyType = 1;
			remoteGlobalIDString = BAEA2FA32662EC2B00A7AA13;
			remoteInfo = GitMutual;
		};
		BAEA2FC22662EC2D00A7AA13 /* PBXContainerItemProxy */ = {
			isa = PBXContainerItemProxy;
			containerPortal = BAEA2F9C2662EC2B00A7AA13 /* Project object */;
			proxyType = 1;
			remoteGlobalIDString = BAEA2FA32662EC2B00A7AA13;
			remoteInfo = GitMutual;
		};
		BAEA2FCE2662EC2D00A7AA13 /* PBXContainerItemProxy */ = {
			isa = PBXContainerItemProxy;
			containerPortal = BAEA2F9C2662EC2B00A7AA13 /* Project object */;
			proxyType = 1;
			remoteGlobalIDString = BAEA2FCB2662EC2D00A7AA13;
			remoteInfo = "GitMutual Extension";
		};
		BAFF6B842662F3240020E684 /* PBXContainerItemProxy */ = {
			isa = PBXContainerItemProxy;
			containerPortal = BAEA2F9C2662EC2B00A7AA13 /* Project object */;
			proxyType = 1;
			remoteGlobalIDString = BA6560AB2662F050008C9EF2;
			remoteInfo = "npm install";
		};
/* End PBXContainerItemProxy section */

/* Begin PBXCopyFilesBuildPhase section */
		BAEA2FEE2662EC2D00A7AA13 /* Embed App Extensions */ = {
			isa = PBXCopyFilesBuildPhase;
			buildActionMask = 2147483647;
			dstPath = "";
			dstSubfolderSpec = 13;
			files = (
				BAEA2FCD2662EC2D00A7AA13 /* GitMutual Extension.appex in Embed App Extensions */,
			);
			name = "Embed App Extensions";
			runOnlyForDeploymentPostprocessing = 0;
		};
/* End PBXCopyFilesBuildPhase section */

/* Begin PBXFileReference section */
		BAEA2FA42662EC2B00A7AA13 /* GitMutual.app */ = {isa = PBXFileReference; explicitFileType = wrapper.application; includeInIndex = 0; path = GitMutual.app; sourceTree = BUILT_PRODUCTS_DIR; };
		BAEA2FA72662EC2B00A7AA13 /* GitMutual.entitlements */ = {isa = PBXFileReference; lastKnownFileType = text.plist.entitlements; path = GitMutual.entitlements; sourceTree = "<group>"; };
		BAEA2FA82662EC2B00A7AA13 /* AppDelegate.swift */ = {isa = PBXFileReference; lastKnownFileType = sourcecode.swift; path = AppDelegate.swift; sourceTree = "<group>"; };
		BAEA2FAB2662EC2B00A7AA13 /* Base */ = {isa = PBXFileReference; lastKnownFileType = file.storyboard; name = Base; path = Base.lproj/Main.storyboard; sourceTree = "<group>"; };
		BAEA2FAD2662EC2B00A7AA13 /* ViewController.swift */ = {isa = PBXFileReference; lastKnownFileType = sourcecode.swift; path = ViewController.swift; sourceTree = "<group>"; };
		BAEA2FAF2662EC2D00A7AA13 /* Assets.xcassets */ = {isa = PBXFileReference; lastKnownFileType = folder.assetcatalog; path = Assets.xcassets; sourceTree = "<group>"; };
		BAEA2FB12662EC2D00A7AA13 /* Info.plist */ = {isa = PBXFileReference; lastKnownFileType = text.plist.xml; path = Info.plist; sourceTree = "<group>"; };
		BAEA2FB62662EC2D00A7AA13 /* GitMutualTests.xctest */ = {isa = PBXFileReference; explicitFileType = wrapper.cfbundle; includeInIndex = 0; path = GitMutualTests.xctest; sourceTree = BUILT_PRODUCTS_DIR; };
		BAEA2FBA2662EC2D00A7AA13 /* GitMutualTests.swift */ = {isa = PBXFileReference; lastKnownFileType = sourcecode.swift; path = GitMutualTests.swift; sourceTree = "<group>"; };
		BAEA2FBC2662EC2D00A7AA13 /* Info.plist */ = {isa = PBXFileReference; lastKnownFileType = text.plist.xml; path = Info.plist; sourceTree = "<group>"; };
		BAEA2FC12662EC2D00A7AA13 /* GitMutualUITests.xctest */ = {isa = PBXFileReference; explicitFileType = wrapper.cfbundle; includeInIndex = 0; path = GitMutualUITests.xctest; sourceTree = BUILT_PRODUCTS_DIR; };
		BAEA2FC52662EC2D00A7AA13 /* GitMutualUITests.swift */ = {isa = PBXFileReference; lastKnownFileType = sourcecode.swift; path = GitMutualUITests.swift; sourceTree = "<group>"; };
		BAEA2FC72662EC2D00A7AA13 /* Info.plist */ = {isa = PBXFileReference; lastKnownFileType = text.plist.xml; path = Info.plist; sourceTree = "<group>"; };
		BAEA2FCC2662EC2D00A7AA13 /* GitMutual Extension.appex */ = {isa = PBXFileReference; explicitFileType = "wrapper.app-extension"; includeInIndex = 0; path = "GitMutual Extension.appex"; sourceTree = BUILT_PRODUCTS_DIR; };
		BAEA2FD12662EC2D00A7AA13 /* Cocoa.framework */ = {isa = PBXFileReference; lastKnownFileType = wrapper.framework; name = Cocoa.framework; path = System/Library/Frameworks/Cocoa.framework; sourceTree = SDKROOT; };
		BAEA2FD42662EC2D00A7AA13 /* SafariWebExtensionHandler.swift */ = {isa = PBXFileReference; lastKnownFileType = sourcecode.swift; path = SafariWebExtensionHandler.swift; sourceTree = "<group>"; };
		BAEA2FE72662EC2D00A7AA13 /* Info.plist */ = {isa = PBXFileReference; lastKnownFileType = text.plist.xml; path = Info.plist; sourceTree = "<group>"; };
		BAEA2FE82662EC2D00A7AA13 /* GitMutual_Extension.entitlements */ = {isa = PBXFileReference; lastKnownFileType = text.plist.entitlements; path = GitMutual_Extension.entitlements; sourceTree = "<group>"; };
		BAEA2FFE2662EF1C00A7AA13 /* src */ = {isa = PBXFileReference; lastKnownFileType = folder; path = src; sourceTree = "<group>"; };
		BAFF6BB82662F37E0020E684 /* unfollowers.html */ = {isa = PBXFileReference; fileEncoding = 4; lastKnownFileType = text.html; path = unfollowers.html; sourceTree = "<group>"; };
		BAFF6BBA2662F37E0020E684 /* popup.js */ = {isa = PBXFileReference; fileEncoding = 4; lastKnownFileType = sourcecode.javascript; path = popup.js; sourceTree = "<group>"; };
		BAFF6BBB2662F37E0020E684 /* options.css.map */ = {isa = PBXFileReference; fileEncoding = 4; lastKnownFileType = "sourcecode.module-map"; path = options.css.map; sourceTree = "<group>"; };
		BAFF6BBD2662F37E0020E684 /* unfollowers.js */ = {isa = PBXFileReference; fileEncoding = 4; lastKnownFileType = sourcecode.javascript; path = unfollowers.js; sourceTree = "<group>"; };
		BAFF6BBE2662F37E0020E684 /* background.js */ = {isa = PBXFileReference; fileEncoding = 4; lastKnownFileType = sourcecode.javascript; path = background.js; sourceTree = "<group>"; };
		BAFF6BBF2662F37E0020E684 /* unfollowers.css.map */ = {isa = PBXFileReference; fileEncoding = 4; lastKnownFileType = "sourcecode.module-map"; path = unfollowers.css.map; sourceTree = "<group>"; };
		BAFF6BCB2662F37E0020E684 /* popup.html */ = {isa = PBXFileReference; fileEncoding = 4; lastKnownFileType = text.html; path = popup.html; sourceTree = "<group>"; };
		BAFF6BCC2662F37E0020E684 /* options.js */ = {isa = PBXFileReference; fileEncoding = 4; lastKnownFileType = sourcecode.javascript; path = options.js; sourceTree = "<group>"; };
		BAFF6BCF2662F37E0020E684 /* manifest.json */ = {isa = PBXFileReference; fileEncoding = 4; lastKnownFileType = text.json; path = manifest.json; sourceTree = "<group>"; };
		BAFF6BD42662F37E0020E684 /* options.html */ = {isa = PBXFileReference; fileEncoding = 4; lastKnownFileType = text.html; path = options.html; sourceTree = "<group>"; };
		BAFF6BD52662F37E0020E684 /* background.html */ = {isa = PBXFileReference; fileEncoding = 4; lastKnownFileType = text.html; path = background.html; sourceTree = "<group>"; };
		BAFF6BD62662F37E0020E684 /* popup.css */ = {isa = PBXFileReference; fileEncoding = 4; lastKnownFileType = text.css; path = popup.css; sourceTree = "<group>"; };
		BAFF6BDA2662F37E0020E684 /* content.js */ = {isa = PBXFileReference; fileEncoding = 4; lastKnownFileType = sourcecode.javascript; path = content.js; sourceTree = "<group>"; };
		BAFF6BDB2662F37E0020E684 /* unfollowers.css */ = {isa = PBXFileReference; fileEncoding = 4; lastKnownFileType = text.css; path = unfollowers.css; sourceTree = "<group>"; };
		BAFF6BDC2662F37E0020E684 /* options.css */ = {isa = PBXFileReference; fileEncoding = 4; lastKnownFileType = text.css; path = options.css; sourceTree = "<group>"; };
		BAFF6BDD2662F37E0020E684 /* popup.css.map */ = {isa = PBXFileReference; fileEncoding = 4; lastKnownFileType = "sourcecode.module-map"; path = popup.css.map; sourceTree = "<group>"; };
		BAFF6C5A2662F4FB0020E684 /* images */ = {isa = PBXFileReference; lastKnownFileType = folder; path = images; sourceTree = "<group>"; };
		BAFF6C5B2662F4FB0020E684 /* _locales */ = {isa = PBXFileReference; lastKnownFileType = folder; path = _locales; sourceTree = "<group>"; };
		BAFF6C5C2662F4FB0020E684 /* polyfills */ = {isa = PBXFileReference; lastKnownFileType = folder; path = polyfills; sourceTree = "<group>"; };
		BAFF6C602662F62B0020E684 /* es-keys.js */ = {isa = PBXFileReference; fileEncoding = 4; lastKnownFileType = sourcecode.javascript; path = "es-keys.js"; sourceTree = "<group>"; };
		BAFF6C622662F62B0020E684 /* es-use-token-data.js */ = {isa = PBXFileReference; fileEncoding = 4; lastKnownFileType = sourcecode.javascript; path = "es-use-token-data.js"; sourceTree = "<group>"; };
		BAFF6C632662F62B0020E684 /* es-_commonjsHelpers.js */ = {isa = PBXFileReference; fileEncoding = 4; lastKnownFileType = sourcecode.javascript; path = "es-_commonjsHelpers.js"; sourceTree = "<group>"; };
		BAFF6C642662F62B0020E684 /* es-use-unfollowers.js */ = {isa = PBXFileReference; fileEncoding = 4; lastKnownFileType = sourcecode.javascript; path = "es-use-unfollowers.js"; sourceTree = "<group>"; };
		BAFF6C652662F62B0020E684 /* es-index.js */ = {isa = PBXFileReference; fileEncoding = 4; lastKnownFileType = sourcecode.javascript; path = "es-index.js"; sourceTree = "<group>"; };
		BAFF6C6C2662FAB40020E684 /* es-index2.js */ = {isa = PBXFileReference; fileEncoding = 4; lastKnownFileType = sourcecode.javascript; path = "es-index2.js"; sourceTree = "<group>"; };
/* End PBXFileReference section */

/* Begin PBXFrameworksBuildPhase section */
		BAEA2FA12662EC2B00A7AA13 /* Frameworks */ = {
			isa = PBXFrameworksBuildPhase;
			buildActionMask = 2147483647;
			files = (
			);
			runOnlyForDeploymentPostprocessing = 0;
		};
		BAEA2FB32662EC2D00A7AA13 /* Frameworks */ = {
			isa = PBXFrameworksBuildPhase;
			buildActionMask = 2147483647;
			files = (
			);
			runOnlyForDeploymentPostprocessing = 0;
		};
		BAEA2FBE2662EC2D00A7AA13 /* Frameworks */ = {
			isa = PBXFrameworksBuildPhase;
			buildActionMask = 2147483647;
			files = (
			);
			runOnlyForDeploymentPostprocessing = 0;
		};
		BAEA2FC92662EC2D00A7AA13 /* Frameworks */ = {
			isa = PBXFrameworksBuildPhase;
			buildActionMask = 2147483647;
			files = (
				BAEA2FD22662EC2D00A7AA13 /* Cocoa.framework in Frameworks */,
			);
			runOnlyForDeploymentPostprocessing = 0;
		};
/* End PBXFrameworksBuildPhase section */

/* Begin PBXGroup section */
		BAEA2F9B2662EC2B00A7AA13 = {
			isa = PBXGroup;
			children = (
				BAEA2FFE2662EF1C00A7AA13 /* src */,
				BAEA2FA62662EC2B00A7AA13 /* GitMutual */,
				BAEA2FB92662EC2D00A7AA13 /* GitMutualTests */,
				BAEA2FC42662EC2D00A7AA13 /* GitMutualUITests */,
				BAEA2FD32662EC2D00A7AA13 /* GitMutual Extension */,
				BAEA2FD02662EC2D00A7AA13 /* Frameworks */,
				BAEA2FA52662EC2B00A7AA13 /* Products */,
			);
			sourceTree = "<group>";
		};
		BAEA2FA52662EC2B00A7AA13 /* Products */ = {
			isa = PBXGroup;
			children = (
				BAEA2FA42662EC2B00A7AA13 /* GitMutual.app */,
				BAEA2FB62662EC2D00A7AA13 /* GitMutualTests.xctest */,
				BAEA2FC12662EC2D00A7AA13 /* GitMutualUITests.xctest */,
				BAEA2FCC2662EC2D00A7AA13 /* GitMutual Extension.appex */,
			);
			name = Products;
			sourceTree = "<group>";
		};
		BAEA2FA62662EC2B00A7AA13 /* GitMutual */ = {
			isa = PBXGroup;
			children = (
				BAEA2FA72662EC2B00A7AA13 /* GitMutual.entitlements */,
				BAEA2FA82662EC2B00A7AA13 /* AppDelegate.swift */,
				BAEA2FAA2662EC2B00A7AA13 /* Main.storyboard */,
				BAEA2FAD2662EC2B00A7AA13 /* ViewController.swift */,
				BAEA2FAF2662EC2D00A7AA13 /* Assets.xcassets */,
				BAEA2FB12662EC2D00A7AA13 /* Info.plist */,
			);
			name = GitMutual;
			path = safari/GitMutual;
			sourceTree = "<group>";
		};
		BAEA2FB92662EC2D00A7AA13 /* GitMutualTests */ = {
			isa = PBXGroup;
			children = (
				BAEA2FBA2662EC2D00A7AA13 /* GitMutualTests.swift */,
				BAEA2FBC2662EC2D00A7AA13 /* Info.plist */,
			);
			name = GitMutualTests;
			path = safari/GitMutualTests;
			sourceTree = "<group>";
		};
		BAEA2FC42662EC2D00A7AA13 /* GitMutualUITests */ = {
			isa = PBXGroup;
			children = (
				BAEA2FC52662EC2D00A7AA13 /* GitMutualUITests.swift */,
				BAEA2FC72662EC2D00A7AA13 /* Info.plist */,
			);
			name = GitMutualUITests;
			path = safari/GitMutualUITests;
			sourceTree = "<group>";
		};
		BAEA2FD02662EC2D00A7AA13 /* Frameworks */ = {
			isa = PBXGroup;
			children = (
				BAEA2FD12662EC2D00A7AA13 /* Cocoa.framework */,
			);
			name = Frameworks;
			sourceTree = "<group>";
		};
		BAEA2FD32662EC2D00A7AA13 /* GitMutual Extension */ = {
			isa = PBXGroup;
			children = (
				BAFF6BB62662F37E0020E684 /* dist */,
				BAEA2FD42662EC2D00A7AA13 /* SafariWebExtensionHandler.swift */,
				BAEA2FE72662EC2D00A7AA13 /* Info.plist */,
				BAEA2FE82662EC2D00A7AA13 /* GitMutual_Extension.entitlements */,
			);
			name = "GitMutual Extension";
			path = "safari/GitMutual Extension";
			sourceTree = "<group>";
		};
		BAFF6BB62662F37E0020E684 /* dist */ = {
			isa = PBXGroup;
			children = (
				BAFF6C6C2662FAB40020E684 /* es-index2.js */,
				BAFF6C632662F62B0020E684 /* es-_commonjsHelpers.js */,
				BAFF6C652662F62B0020E684 /* es-index.js */,
				BAFF6C602662F62B0020E684 /* es-keys.js */,
				BAFF6C622662F62B0020E684 /* es-use-token-data.js */,
				BAFF6C642662F62B0020E684 /* es-use-unfollowers.js */,
				BAFF6C5B2662F4FB0020E684 /* _locales */,
				BAFF6C5A2662F4FB0020E684 /* images */,
				BAFF6C5C2662F4FB0020E684 /* polyfills */,
				BAFF6BB82662F37E0020E684 /* unfollowers.html */,
				BAFF6BBA2662F37E0020E684 /* popup.js */,
				BAFF6BBB2662F37E0020E684 /* options.css.map */,
				BAFF6BBD2662F37E0020E684 /* unfollowers.js */,
				BAFF6BBE2662F37E0020E684 /* background.js */,
				BAFF6BBF2662F37E0020E684 /* unfollowers.css.map */,
				BAFF6BCB2662F37E0020E684 /* popup.html */,
				BAFF6BCC2662F37E0020E684 /* options.js */,
				BAFF6BCF2662F37E0020E684 /* manifest.json */,
				BAFF6BD42662F37E0020E684 /* options.html */,
				BAFF6BD52662F37E0020E684 /* background.html */,
				BAFF6BD62662F37E0020E684 /* popup.css */,
				BAFF6BDA2662F37E0020E684 /* content.js */,
				BAFF6BDB2662F37E0020E684 /* unfollowers.css */,
				BAFF6BDC2662F37E0020E684 /* options.css */,
				BAFF6BDD2662F37E0020E684 /* popup.css.map */,
			);
			path = dist;
			sourceTree = SOURCE_ROOT;
		};
/* End PBXGroup section */

/* Begin PBXLegacyTarget section */
		BA6560AB2662F050008C9EF2 /* npm install */ = {
			isa = PBXLegacyTarget;
			buildArgumentsString = install;
			buildConfigurationList = BA6560AC2662F050008C9EF2 /* Build configuration list for PBXLegacyTarget "npm install" */;
			buildPhases = (
			);
			buildToolPath = /usr/local/bin/npm;
			buildWorkingDirectory = /Users/bret/Developer/GitMutual;
			dependencies = (
			);
			name = "npm install";
			passBuildSettingsInEnvironment = 1;
			productName = "npm install";
		};
/* End PBXLegacyTarget section */

/* Begin PBXNativeTarget section */
		BAEA2FA32662EC2B00A7AA13 /* GitMutual */ = {
			isa = PBXNativeTarget;
			buildConfigurationList = BAEA2FEF2662EC2D00A7AA13 /* Build configuration list for PBXNativeTarget "GitMutual" */;
			buildPhases = (
				BAEA2FA02662EC2B00A7AA13 /* Sources */,
				BAEA2FA12662EC2B00A7AA13 /* Frameworks */,
				BAEA2FA22662EC2B00A7AA13 /* Resources */,
				BAEA2FEE2662EC2D00A7AA13 /* Embed App Extensions */,
			);
			buildRules = (
			);
			dependencies = (
				BAEA2FCF2662EC2D00A7AA13 /* PBXTargetDependency */,
			);
			name = GitMutual;
			productName = GitMutual;
			productReference = BAEA2FA42662EC2B00A7AA13 /* GitMutual.app */;
			productType = "com.apple.product-type.application";
		};
		BAEA2FB52662EC2D00A7AA13 /* GitMutualTests */ = {
			isa = PBXNativeTarget;
			buildConfigurationList = BAEA2FF22662EC2D00A7AA13 /* Build configuration list for PBXNativeTarget "GitMutualTests" */;
			buildPhases = (
				BAEA2FB22662EC2D00A7AA13 /* Sources */,
				BAEA2FB32662EC2D00A7AA13 /* Frameworks */,
				BAEA2FB42662EC2D00A7AA13 /* Resources */,
			);
			buildRules = (
			);
			dependencies = (
				BAEA2FB82662EC2D00A7AA13 /* PBXTargetDependency */,
			);
			name = GitMutualTests;
			productName = GitMutualTests;
			productReference = BAEA2FB62662EC2D00A7AA13 /* GitMutualTests.xctest */;
			productType = "com.apple.product-type.bundle.unit-test";
		};
		BAEA2FC02662EC2D00A7AA13 /* GitMutualUITests */ = {
			isa = PBXNativeTarget;
			buildConfigurationList = BAEA2FF52662EC2D00A7AA13 /* Build configuration list for PBXNativeTarget "GitMutualUITests" */;
			buildPhases = (
				BAEA2FBD2662EC2D00A7AA13 /* Sources */,
				BAEA2FBE2662EC2D00A7AA13 /* Frameworks */,
				BAEA2FBF2662EC2D00A7AA13 /* Resources */,
			);
			buildRules = (
			);
			dependencies = (
				BAEA2FC32662EC2D00A7AA13 /* PBXTargetDependency */,
			);
			name = GitMutualUITests;
			productName = GitMutualUITests;
			productReference = BAEA2FC12662EC2D00A7AA13 /* GitMutualUITests.xctest */;
			productType = "com.apple.product-type.bundle.ui-testing";
		};
		BAEA2FCB2662EC2D00A7AA13 /* GitMutual Extension */ = {
			isa = PBXNativeTarget;
			buildConfigurationList = BAEA2FEB2662EC2D00A7AA13 /* Build configuration list for PBXNativeTarget "GitMutual Extension" */;
			buildPhases = (
				BAEA2FC82662EC2D00A7AA13 /* Sources */,
				BAEA2FC92662EC2D00A7AA13 /* Frameworks */,
				BAEA2FCA2662EC2D00A7AA13 /* Resources */,
			);
			buildRules = (
			);
			dependencies = (
				BAFF6B852662F3240020E684 /* PBXTargetDependency */,
			);
			name = "GitMutual Extension";
			productName = "GitMutual Extension";
			productReference = BAEA2FCC2662EC2D00A7AA13 /* GitMutual Extension.appex */;
			productType = "com.apple.product-type.app-extension";
		};
/* End PBXNativeTarget section */

/* Begin PBXProject section */
		BAEA2F9C2662EC2B00A7AA13 /* Project object */ = {
			isa = PBXProject;
			attributes = {
				LastSwiftUpdateCheck = 1250;
				LastUpgradeCheck = 1250;
				TargetAttributes = {
					BA6560AB2662F050008C9EF2 = {
						CreatedOnToolsVersion = 12.5;
					};
					BAEA2FA32662EC2B00A7AA13 = {
						CreatedOnToolsVersion = 12.5;
					};
					BAEA2FB52662EC2D00A7AA13 = {
						CreatedOnToolsVersion = 12.5;
						TestTargetID = BAEA2FA32662EC2B00A7AA13;
					};
					BAEA2FC02662EC2D00A7AA13 = {
						CreatedOnToolsVersion = 12.5;
						TestTargetID = BAEA2FA32662EC2B00A7AA13;
					};
					BAEA2FCB2662EC2D00A7AA13 = {
						CreatedOnToolsVersion = 12.5;
					};
				};
			};
			buildConfigurationList = BAEA2F9F2662EC2B00A7AA13 /* Build configuration list for PBXProject "GitMutual" */;
			compatibilityVersion = "Xcode 9.3";
			developmentRegion = en;
			hasScannedForEncodings = 0;
			knownRegions = (
				en,
				Base,
			);
			mainGroup = BAEA2F9B2662EC2B00A7AA13;
			productRefGroup = BAEA2FA52662EC2B00A7AA13 /* Products */;
			projectDirPath = "";
			projectRoot = "";
			targets = (
				BAEA2FA32662EC2B00A7AA13 /* GitMutual */,
				BAEA2FB52662EC2D00A7AA13 /* GitMutualTests */,
				BAEA2FC02662EC2D00A7AA13 /* GitMutualUITests */,
				BAEA2FCB2662EC2D00A7AA13 /* GitMutual Extension */,
				BA6560AB2662F050008C9EF2 /* npm install */,
			);
		};
/* End PBXProject section */

/* Begin PBXResourcesBuildPhase section */
		BAEA2FA22662EC2B00A7AA13 /* Resources */ = {
			isa = PBXResourcesBuildPhase;
			buildActionMask = 2147483647;
			files = (
				BAEA2FB02662EC2D00A7AA13 /* Assets.xcassets in Resources */,
				BAEA2FAC2662EC2B00A7AA13 /* Main.storyboard in Resources */,
			);
			runOnlyForDeploymentPostprocessing = 0;
		};
		BAEA2FB42662EC2D00A7AA13 /* Resources */ = {
			isa = PBXResourcesBuildPhase;
			buildActionMask = 2147483647;
			files = (
			);
			runOnlyForDeploymentPostprocessing = 0;
		};
		BAEA2FBF2662EC2D00A7AA13 /* Resources */ = {
			isa = PBXResourcesBuildPhase;
			buildActionMask = 2147483647;
			files = (
			);
			runOnlyForDeploymentPostprocessing = 0;
		};
		BAEA2FCA2662EC2D00A7AA13 /* Resources */ = {
			isa = PBXResourcesBuildPhase;
			buildActionMask = 2147483647;
			files = (
				BAFF6C662662F62B0020E684 /* es-keys.js in Resources */,
				BAFF6BE42662F37E0020E684 /* background.js in Resources */,
				BAFF6BF02662F37E0020E684 /* options.js in Resources */,
				BAFF6C682662F62B0020E684 /* es-use-token-data.js in Resources */,
				BAFF6BFA2662F37E0020E684 /* content.js in Resources */,
				BAFF6BF72662F37E0020E684 /* background.html in Resources */,
				BAFF6C6D2662FAB40020E684 /* es-index2.js in Resources */,
				BAFF6C6A2662F62B0020E684 /* es-use-unfollowers.js in Resources */,
				BAFF6BFB2662F37E0020E684 /* unfollowers.css in Resources */,
				BAFF6BDF2662F37E0020E684 /* unfollowers.html in Resources */,
				BAFF6BE12662F37E0020E684 /* popup.js in Resources */,
				BAFF6C5F2662F4FB0020E684 /* polyfills in Resources */,
				BAFF6C5D2662F4FB0020E684 /* images in Resources */,
				BAFF6BF32662F37E0020E684 /* manifest.json in Resources */,
				BAFF6C692662F62B0020E684 /* es-_commonjsHelpers.js in Resources */,
				BAFF6BEF2662F37E0020E684 /* popup.html in Resources */,
				BAFF6BF82662F37E0020E684 /* popup.css in Resources */,
				BAFF6BF62662F37E0020E684 /* options.html in Resources */,
				BAFF6BE32662F37E0020E684 /* unfollowers.js in Resources */,
				BAFF6C6B2662F62B0020E684 /* es-index.js in Resources */,
				BAFF6C5E2662F4FB0020E684 /* _locales in Resources */,
				BAFF6BFC2662F37E0020E684 /* options.css in Resources */,
			);
			runOnlyForDeploymentPostprocessing = 0;
		};
/* End PBXResourcesBuildPhase section */

/* Begin PBXSourcesBuildPhase section */
		BAEA2FA02662EC2B00A7AA13 /* Sources */ = {
			isa = PBXSourcesBuildPhase;
			buildActionMask = 2147483647;
			files = (
				BAEA2FAE2662EC2B00A7AA13 /* ViewController.swift in Sources */,
				BAEA2FA92662EC2B00A7AA13 /* AppDelegate.swift in Sources */,
			);
			runOnlyForDeploymentPostprocessing = 0;
		};
		BAEA2FB22662EC2D00A7AA13 /* Sources */ = {
			isa = PBXSourcesBuildPhase;
			buildActionMask = 2147483647;
			files = (
				BAEA2FBB2662EC2D00A7AA13 /* GitMutualTests.swift in Sources */,
			);
			runOnlyForDeploymentPostprocessing = 0;
		};
		BAEA2FBD2662EC2D00A7AA13 /* Sources */ = {
			isa = PBXSourcesBuildPhase;
			buildActionMask = 2147483647;
			files = (
				BAEA2FC62662EC2D00A7AA13 /* GitMutualUITests.swift in Sources */,
			);
			runOnlyForDeploymentPostprocessing = 0;
		};
		BAEA2FC82662EC2D00A7AA13 /* Sources */ = {
			isa = PBXSourcesBuildPhase;
			buildActionMask = 2147483647;
			files = (
				BAEA2FD52662EC2D00A7AA13 /* SafariWebExtensionHandler.swift in Sources */,
			);
			runOnlyForDeploymentPostprocessing = 0;
		};
/* End PBXSourcesBuildPhase section */

/* Begin PBXTargetDependency section */
		BAEA2FB82662EC2D00A7AA13 /* PBXTargetDependency */ = {
			isa = PBXTargetDependency;
			target = BAEA2FA32662EC2B00A7AA13 /* GitMutual */;
			targetProxy = BAEA2FB72662EC2D00A7AA13 /* PBXContainerItemProxy */;
		};
		BAEA2FC32662EC2D00A7AA13 /* PBXTargetDependency */ = {
			isa = PBXTargetDependency;
			target = BAEA2FA32662EC2B00A7AA13 /* GitMutual */;
			targetProxy = BAEA2FC22662EC2D00A7AA13 /* PBXContainerItemProxy */;
		};
		BAEA2FCF2662EC2D00A7AA13 /* PBXTargetDependency */ = {
			isa = PBXTargetDependency;
			target = BAEA2FCB2662EC2D00A7AA13 /* GitMutual Extension */;
			targetProxy = BAEA2FCE2662EC2D00A7AA13 /* PBXContainerItemProxy */;
		};
		BAFF6B852662F3240020E684 /* PBXTargetDependency */ = {
			isa = PBXTargetDependency;
			target = BA6560AB2662F050008C9EF2 /* npm install */;
			targetProxy = BAFF6B842662F3240020E684 /* PBXContainerItemProxy */;
		};
/* End PBXTargetDependency section */

/* Begin PBXVariantGroup section */
		BAEA2FAA2662EC2B00A7AA13 /* Main.storyboard */ = {
			isa = PBXVariantGroup;
			children = (
				BAEA2FAB2662EC2B00A7AA13 /* Base */,
			);
			name = Main.storyboard;
			sourceTree = "<group>";
		};
/* End PBXVariantGroup section */

/* Begin XCBuildConfiguration section */
		BA6560AD2662F050008C9EF2 /* Debug */ = {
			isa = XCBuildConfiguration;
			buildSettings = {
				CODE_SIGN_STYLE = Automatic;
				DEBUGGING_SYMBOLS = YES;
				DEBUG_INFORMATION_FORMAT = dwarf;
				DEVELOPMENT_TEAM = MV52DXHA2M;
				GCC_GENERATE_DEBUGGING_SYMBOLS = YES;
				GCC_OPTIMIZATION_LEVEL = 0;
				OTHER_CFLAGS = "";
				OTHER_LDFLAGS = "";
				PRODUCT_NAME = "$(TARGET_NAME)";
			};
			name = Debug;
		};
		BA6560AE2662F050008C9EF2 /* Release */ = {
			isa = XCBuildConfiguration;
			buildSettings = {
				CODE_SIGN_STYLE = Automatic;
				DEBUG_INFORMATION_FORMAT = "dwarf-with-dsym";
				DEVELOPMENT_TEAM = MV52DXHA2M;
				OTHER_CFLAGS = "";
				OTHER_LDFLAGS = "";
				PRODUCT_NAME = "$(TARGET_NAME)";
			};
			name = Release;
		};
		BAEA2FE92662EC2D00A7AA13 /* Debug */ = {
			isa = XCBuildConfiguration;
			buildSettings = {
				ALWAYS_SEARCH_USER_PATHS = NO;
				CLANG_ANALYZER_NONNULL = YES;
				CLANG_ANALYZER_NUMBER_OBJECT_CONVERSION = YES_AGGRESSIVE;
				CLANG_CXX_LANGUAGE_STANDARD = "gnu++14";
				CLANG_CXX_LIBRARY = "libc++";
				CLANG_ENABLE_MODULES = YES;
				CLANG_ENABLE_OBJC_ARC = YES;
				CLANG_ENABLE_OBJC_WEAK = YES;
				CLANG_WARN_BLOCK_CAPTURE_AUTORELEASING = YES;
				CLANG_WARN_BOOL_CONVERSION = YES;
				CLANG_WARN_COMMA = YES;
				CLANG_WARN_CONSTANT_CONVERSION = YES;
				CLANG_WARN_DEPRECATED_OBJC_IMPLEMENTATIONS = YES;
				CLANG_WARN_DIRECT_OBJC_ISA_USAGE = YES_ERROR;
				CLANG_WARN_DOCUMENTATION_COMMENTS = YES;
				CLANG_WARN_EMPTY_BODY = YES;
				CLANG_WARN_ENUM_CONVERSION = YES;
				CLANG_WARN_INFINITE_RECURSION = YES;
				CLANG_WARN_INT_CONVERSION = YES;
				CLANG_WARN_NON_LITERAL_NULL_CONVERSION = YES;
				CLANG_WARN_OBJC_IMPLICIT_RETAIN_SELF = YES;
				CLANG_WARN_OBJC_LITERAL_CONVERSION = YES;
				CLANG_WARN_OBJC_ROOT_CLASS = YES_ERROR;
				CLANG_WARN_QUOTED_INCLUDE_IN_FRAMEWORK_HEADER = YES;
				CLANG_WARN_RANGE_LOOP_ANALYSIS = YES;
				CLANG_WARN_STRICT_PROTOTYPES = YES;
				CLANG_WARN_SUSPICIOUS_MOVE = YES;
				CLANG_WARN_UNGUARDED_AVAILABILITY = YES_AGGRESSIVE;
				CLANG_WARN_UNREACHABLE_CODE = YES;
				CLANG_WARN__DUPLICATE_METHOD_MATCH = YES;
				COPY_PHASE_STRIP = NO;
				DEBUG_INFORMATION_FORMAT = dwarf;
				ENABLE_STRICT_OBJC_MSGSEND = YES;
				ENABLE_TESTABILITY = YES;
				GCC_C_LANGUAGE_STANDARD = gnu11;
				GCC_DYNAMIC_NO_PIC = NO;
				GCC_NO_COMMON_BLOCKS = YES;
				GCC_OPTIMIZATION_LEVEL = 0;
				GCC_PREPROCESSOR_DEFINITIONS = (
					"DEBUG=1",
					"$(inherited)",
				);
				GCC_WARN_64_TO_32_BIT_CONVERSION = YES;
				GCC_WARN_ABOUT_RETURN_TYPE = YES_ERROR;
				GCC_WARN_UNDECLARED_SELECTOR = YES;
				GCC_WARN_UNINITIALIZED_AUTOS = YES_AGGRESSIVE;
				GCC_WARN_UNUSED_FUNCTION = YES;
				GCC_WARN_UNUSED_VARIABLE = YES;
				MACOSX_DEPLOYMENT_TARGET = 11.3;
				MTL_ENABLE_DEBUG_INFO = INCLUDE_SOURCE;
				MTL_FAST_MATH = YES;
				ONLY_ACTIVE_ARCH = YES;
				SDKROOT = macosx;
				SWIFT_ACTIVE_COMPILATION_CONDITIONS = DEBUG;
				SWIFT_OPTIMIZATION_LEVEL = "-Onone";
			};
			name = Debug;
		};
		BAEA2FEA2662EC2D00A7AA13 /* Release */ = {
			isa = XCBuildConfiguration;
			buildSettings = {
				ALWAYS_SEARCH_USER_PATHS = NO;
				CLANG_ANALYZER_NONNULL = YES;
				CLANG_ANALYZER_NUMBER_OBJECT_CONVERSION = YES_AGGRESSIVE;
				CLANG_CXX_LANGUAGE_STANDARD = "gnu++14";
				CLANG_CXX_LIBRARY = "libc++";
				CLANG_ENABLE_MODULES = YES;
				CLANG_ENABLE_OBJC_ARC = YES;
				CLANG_ENABLE_OBJC_WEAK = YES;
				CLANG_WARN_BLOCK_CAPTURE_AUTORELEASING = YES;
				CLANG_WARN_BOOL_CONVERSION = YES;
				CLANG_WARN_COMMA = YES;
				CLANG_WARN_CONSTANT_CONVERSION = YES;
				CLANG_WARN_DEPRECATED_OBJC_IMPLEMENTATIONS = YES;
				CLANG_WARN_DIRECT_OBJC_ISA_USAGE = YES_ERROR;
				CLANG_WARN_DOCUMENTATION_COMMENTS = YES;
				CLANG_WARN_EMPTY_BODY = YES;
				CLANG_WARN_ENUM_CONVERSION = YES;
				CLANG_WARN_INFINITE_RECURSION = YES;
				CLANG_WARN_INT_CONVERSION = YES;
				CLANG_WARN_NON_LITERAL_NULL_CONVERSION = YES;
				CLANG_WARN_OBJC_IMPLICIT_RETAIN_SELF = YES;
				CLANG_WARN_OBJC_LITERAL_CONVERSION = YES;
				CLANG_WARN_OBJC_ROOT_CLASS = YES_ERROR;
				CLANG_WARN_QUOTED_INCLUDE_IN_FRAMEWORK_HEADER = YES;
				CLANG_WARN_RANGE_LOOP_ANALYSIS = YES;
				CLANG_WARN_STRICT_PROTOTYPES = YES;
				CLANG_WARN_SUSPICIOUS_MOVE = YES;
				CLANG_WARN_UNGUARDED_AVAILABILITY = YES_AGGRESSIVE;
				CLANG_WARN_UNREACHABLE_CODE = YES;
				CLANG_WARN__DUPLICATE_METHOD_MATCH = YES;
				COPY_PHASE_STRIP = NO;
				DEBUG_INFORMATION_FORMAT = "dwarf-with-dsym";
				ENABLE_NS_ASSERTIONS = NO;
				ENABLE_STRICT_OBJC_MSGSEND = YES;
				GCC_C_LANGUAGE_STANDARD = gnu11;
				GCC_NO_COMMON_BLOCKS = YES;
				GCC_WARN_64_TO_32_BIT_CONVERSION = YES;
				GCC_WARN_ABOUT_RETURN_TYPE = YES_ERROR;
				GCC_WARN_UNDECLARED_SELECTOR = YES;
				GCC_WARN_UNINITIALIZED_AUTOS = YES_AGGRESSIVE;
				GCC_WARN_UNUSED_FUNCTION = YES;
				GCC_WARN_UNUSED_VARIABLE = YES;
				MACOSX_DEPLOYMENT_TARGET = 11.3;
				MTL_ENABLE_DEBUG_INFO = NO;
				MTL_FAST_MATH = YES;
				SDKROOT = macosx;
				SWIFT_COMPILATION_MODE = wholemodule;
				SWIFT_OPTIMIZATION_LEVEL = "-O";
			};
			name = Release;
		};
		BAEA2FEC2662EC2D00A7AA13 /* Debug */ = {
			isa = XCBuildConfiguration;
			buildSettings = {
				ASSETCATALOG_COMPILER_APPICON_NAME = "AppIcon-2";
				CODE_SIGN_ENTITLEMENTS = "safari/GitMutual Extension/GitMutual_Extension.entitlements";
				CODE_SIGN_STYLE = Automatic;
				DEVELOPMENT_TEAM = MV52DXHA2M;
				ENABLE_HARDENED_RUNTIME = YES;
				INFOPLIST_FILE = "safari/GitMutual Extension/Info.plist";
				LD_RUNPATH_SEARCH_PATHS = (
					"$(inherited)",
					"@executable_path/../Frameworks",
					"@executable_path/../../../../Frameworks",
				);
				MACOSX_DEPLOYMENT_TARGET = 10.14;
				PRODUCT_BUNDLE_IDENTIFIER = hypermodules.GitMutual.Extension;
				PRODUCT_NAME = "$(TARGET_NAME)";
				SKIP_INSTALL = YES;
				SWIFT_VERSION = 5.0;
			};
			name = Debug;
		};
		BAEA2FED2662EC2D00A7AA13 /* Release */ = {
			isa = XCBuildConfiguration;
			buildSettings = {
				ASSETCATALOG_COMPILER_APPICON_NAME = "AppIcon-2";
				CODE_SIGN_ENTITLEMENTS = "safari/GitMutual Extension/GitMutual_Extension.entitlements";
				CODE_SIGN_STYLE = Automatic;
				DEVELOPMENT_TEAM = MV52DXHA2M;
				ENABLE_HARDENED_RUNTIME = YES;
				INFOPLIST_FILE = "safari/GitMutual Extension/Info.plist";
				LD_RUNPATH_SEARCH_PATHS = (
					"$(inherited)",
					"@executable_path/../Frameworks",
					"@executable_path/../../../../Frameworks",
				);
				MACOSX_DEPLOYMENT_TARGET = 10.14;
				PRODUCT_BUNDLE_IDENTIFIER = hypermodules.GitMutual.Extension;
				PRODUCT_NAME = "$(TARGET_NAME)";
				SKIP_INSTALL = YES;
				SWIFT_VERSION = 5.0;
			};
			name = Release;
		};
		BAEA2FF02662EC2D00A7AA13 /* Debug */ = {
			isa = XCBuildConfiguration;
			buildSettings = {
				ALWAYS_EMBED_SWIFT_STANDARD_LIBRARIES = YES;
				ASSETCATALOG_COMPILER_APPICON_NAME = AppIcon;
				ASSETCATALOG_COMPILER_GLOBAL_ACCENT_COLOR_NAME = AccentColor;
				CODE_SIGN_ENTITLEMENTS = safari/GitMutual/GitMutual.entitlements;
				CODE_SIGN_STYLE = Automatic;
				COMBINE_HIDPI_IMAGES = YES;
				DEVELOPMENT_TEAM = MV52DXHA2M;
				ENABLE_HARDENED_RUNTIME = YES;
				INFOPLIST_FILE = safari/GitMutual/Info.plist;
				LD_RUNPATH_SEARCH_PATHS = (
					"$(inherited)",
					"@executable_path/../Frameworks",
				);
				MACOSX_DEPLOYMENT_TARGET = 10.14;
				PRODUCT_BUNDLE_IDENTIFIER = hypermodules.GitMutual;
				PRODUCT_NAME = "$(TARGET_NAME)";
				SWIFT_VERSION = 5.0;
			};
			name = Debug;
		};
		BAEA2FF12662EC2D00A7AA13 /* Release */ = {
			isa = XCBuildConfiguration;
			buildSettings = {
				ALWAYS_EMBED_SWIFT_STANDARD_LIBRARIES = YES;
				ASSETCATALOG_COMPILER_APPICON_NAME = AppIcon;
				ASSETCATALOG_COMPILER_GLOBAL_ACCENT_COLOR_NAME = AccentColor;
				CODE_SIGN_ENTITLEMENTS = safari/GitMutual/GitMutual.entitlements;
				CODE_SIGN_STYLE = Automatic;
				COMBINE_HIDPI_IMAGES = YES;
				DEVELOPMENT_TEAM = MV52DXHA2M;
				ENABLE_HARDENED_RUNTIME = YES;
				INFOPLIST_FILE = safari/GitMutual/Info.plist;
				LD_RUNPATH_SEARCH_PATHS = (
					"$(inherited)",
					"@executable_path/../Frameworks",
				);
				MACOSX_DEPLOYMENT_TARGET = 10.14;
				PRODUCT_BUNDLE_IDENTIFIER = hypermodules.GitMutual;
				PRODUCT_NAME = "$(TARGET_NAME)";
				SWIFT_VERSION = 5.0;
			};
			name = Release;
		};
		BAEA2FF32662EC2D00A7AA13 /* Debug */ = {
			isa = XCBuildConfiguration;
			buildSettings = {
				ALWAYS_EMBED_SWIFT_STANDARD_LIBRARIES = YES;
				BUNDLE_LOADER = "$(TEST_HOST)";
				CODE_SIGN_STYLE = Automatic;
				COMBINE_HIDPI_IMAGES = YES;
				DEVELOPMENT_TEAM = MV52DXHA2M;
				INFOPLIST_FILE = safari/GitMutualTests/Info.plist;
				LD_RUNPATH_SEARCH_PATHS = (
					"$(inherited)",
					"@executable_path/../Frameworks",
					"@loader_path/../Frameworks",
				);
				MACOSX_DEPLOYMENT_TARGET = 10.14;
				PRODUCT_BUNDLE_IDENTIFIER = hypermodules.GitMutualTests;
				PRODUCT_NAME = "$(TARGET_NAME)";
				SWIFT_VERSION = 5.0;
				TEST_HOST = "$(BUILT_PRODUCTS_DIR)/GitMutual.app/Contents/MacOS/GitMutual";
			};
			name = Debug;
		};
		BAEA2FF42662EC2D00A7AA13 /* Release */ = {
			isa = XCBuildConfiguration;
			buildSettings = {
				ALWAYS_EMBED_SWIFT_STANDARD_LIBRARIES = YES;
				BUNDLE_LOADER = "$(TEST_HOST)";
				CODE_SIGN_STYLE = Automatic;
				COMBINE_HIDPI_IMAGES = YES;
				DEVELOPMENT_TEAM = MV52DXHA2M;
				INFOPLIST_FILE = safari/GitMutualTests/Info.plist;
				LD_RUNPATH_SEARCH_PATHS = (
					"$(inherited)",
					"@executable_path/../Frameworks",
					"@loader_path/../Frameworks",
				);
				MACOSX_DEPLOYMENT_TARGET = 10.14;
				PRODUCT_BUNDLE_IDENTIFIER = hypermodules.GitMutualTests;
				PRODUCT_NAME = "$(TARGET_NAME)";
				SWIFT_VERSION = 5.0;
				TEST_HOST = "$(BUILT_PRODUCTS_DIR)/GitMutual.app/Contents/MacOS/GitMutual";
			};
			name = Release;
		};
		BAEA2FF62662EC2D00A7AA13 /* Debug */ = {
			isa = XCBuildConfiguration;
			buildSettings = {
				ALWAYS_EMBED_SWIFT_STANDARD_LIBRARIES = YES;
				CODE_SIGN_STYLE = Automatic;
				COMBINE_HIDPI_IMAGES = YES;
				DEVELOPMENT_TEAM = MV52DXHA2M;
				INFOPLIST_FILE = safari/GitMutualUITests/Info.plist;
				LD_RUNPATH_SEARCH_PATHS = (
					"$(inherited)",
					"@executable_path/../Frameworks",
					"@loader_path/../Frameworks",
				);
				PRODUCT_BUNDLE_IDENTIFIER = hypermodules.GitMutualUITests;
				PRODUCT_NAME = "$(TARGET_NAME)";
				SWIFT_VERSION = 5.0;
				TEST_TARGET_NAME = GitMutual;
			};
			name = Debug;
		};
		BAEA2FF72662EC2D00A7AA13 /* Release */ = {
			isa = XCBuildConfiguration;
			buildSettings = {
				ALWAYS_EMBED_SWIFT_STANDARD_LIBRARIES = YES;
				CODE_SIGN_STYLE = Automatic;
				COMBINE_HIDPI_IMAGES = YES;
				DEVELOPMENT_TEAM = MV52DXHA2M;
				INFOPLIST_FILE = safari/GitMutualUITests/Info.plist;
				LD_RUNPATH_SEARCH_PATHS = (
					"$(inherited)",
					"@executable_path/../Frameworks",
					"@loader_path/../Frameworks",
				);
				PRODUCT_BUNDLE_IDENTIFIER = hypermodules.GitMutualUITests;
				PRODUCT_NAME = "$(TARGET_NAME)";
				SWIFT_VERSION = 5.0;
				TEST_TARGET_NAME = GitMutual;
			};
			name = Release;
		};
/* End XCBuildConfiguration section */

/* Begin XCConfigurationList section */
		BA6560AC2662F050008C9EF2 /* Build configuration list for PBXLegacyTarget "npm install" */ = {
			isa = XCConfigurationList;
			buildConfigurations = (
				BA6560AD2662F050008C9EF2 /* Debug */,
				BA6560AE2662F050008C9EF2 /* Release */,
			);
			defaultConfigurationIsVisible = 0;
			defaultConfigurationName = Release;
		};
		BAEA2F9F2662EC2B00A7AA13 /* Build configuration list for PBXProject "GitMutual" */ = {
			isa = XCConfigurationList;
			buildConfigurations = (
				BAEA2FE92662EC2D00A7AA13 /* Debug */,
				BAEA2FEA2662EC2D00A7AA13 /* Release */,
			);
			defaultConfigurationIsVisible = 0;
			defaultConfigurationName = Release;
		};
		BAEA2FEB2662EC2D00A7AA13 /* Build configuration list for PBXNativeTarget "GitMutual Extension" */ = {
			isa = XCConfigurationList;
			buildConfigurations = (
				BAEA2FEC2662EC2D00A7AA13 /* Debug */,
				BAEA2FED2662EC2D00A7AA13 /* Release */,
			);
			defaultConfigurationIsVisible = 0;
			defaultConfigurationName = Release;
		};
		BAEA2FEF2662EC2D00A7AA13 /* Build configuration list for PBXNativeTarget "GitMutual" */ = {
			isa = XCConfigurationList;
			buildConfigurations = (
				BAEA2FF02662EC2D00A7AA13 /* Debug */,
				BAEA2FF12662EC2D00A7AA13 /* Release */,
			);
			defaultConfigurationIsVisible = 0;
			defaultConfigurationName = Release;
		};
		BAEA2FF22662EC2D00A7AA13 /* Build configuration list for PBXNativeTarget "GitMutualTests" */ = {
			isa = XCConfigurationList;
			buildConfigurations = (
				BAEA2FF32662EC2D00A7AA13 /* Debug */,
				BAEA2FF42662EC2D00A7AA13 /* Release */,
			);
			defaultConfigurationIsVisible = 0;
			defaultConfigurationName = Release;
		};
		BAEA2FF52662EC2D00A7AA13 /* Build configuration list for PBXNativeTarget "GitMutualUITests" */ = {
			isa = XCConfigurationList;
			buildConfigurations = (
				BAEA2FF62662EC2D00A7AA13 /* Debug */,
				BAEA2FF72662EC2D00A7AA13 /* Release */,
			);
			defaultConfigurationIsVisible = 0;
			defaultConfigurationName = Release;
		};
/* End XCConfigurationList section */
	};
	rootObject = BAEA2F9C2662EC2B00A7AA13 /* Project object */;
}
